
Microsoft Visual Studio Solution File, Format Version 12.00
# Visual Studio Version 16
VisualStudioVersion = 16.0.30204.135
MinimumVisualStudioVersion = 10.0.40219.1
Project("{9A19103F-16F7-4668-BE54-9A1E7A4F7556}") = "LogCorner.EduSync.Speech.Producer", "LogCorner.EduSync.Speech.Producer\LogCorner.EduSync.Speech.Producer.csproj", "{0DBEC403-BDB5-4105-86DD-AC326A6C5FD7}"
EndProject
Project("{9A19103F-16F7-4668-BE54-9A1E7A4F7556}") = "LogCorner.EduSync.Speech.Producer.UnitTests", "LogCorner.EduSync.Speech.Producer.UnitTests\LogCorner.EduSync.Speech.Producer.UnitTests.csproj", "{A47F0CCC-8D9C-4761-9E4E-93DB57F1A2E9}"
EndProject
Project("{2150E333-8FDC-42A3-9474-1A3956D46DE8}") = "10. Producer", "10. Producer", "{C0488C8D-09CD-42EA-B18C-BD2BC56902A3}"
EndProject
Project("{9A19103F-16F7-4668-BE54-9A1E7A4F7556}") = "LogCorner.EduSync.Speech.ServiceBus", "LogCorner.EduSync.Speech.ServiceBus\LogCorner.EduSync.Speech.ServiceBus.csproj", "{2AE19CA1-D677-4DE7-AF40-9C76B30DB55F}"
EndProject
Project("{2150E333-8FDC-42A3-9474-1A3956D46DE8}") = "40. ServiceBus", "40. ServiceBus", "{D8D287EC-D8EE-4755-8E7B-A77A0247071E}"
EndProject
Project("{9A19103F-16F7-4668-BE54-9A1E7A4F7556}") = "LogCorner.EduSync.Speech.ServiceBus.UnitTests", "LogCorner.EduSync.Speech.ServiceBus.UnitTests\LogCorner.EduSync.Speech.ServiceBus.UnitTests.csproj", "{C7A88FB0-5941-45DB-90D3-4D1C880BADB8}"
EndProject
Project("{2150E333-8FDC-42A3-9474-1A3956D46DE8}") = "20. Consumer", "20. Consumer", "{B0E07FCF-B662-47EE-8698-903547644B93}"
EndProject
Project("{9A19103F-16F7-4668-BE54-9A1E7A4F7556}") = "LogCorner.EduSync.Speech.Consumer", "LogCorner.EduSync.Speech.Consumer\LogCorner.EduSync.Speech.Consumer.csproj", "{72558F9B-A894-4934-8106-4FE34C29B40B}"
EndProject
Project("{9A19103F-16F7-4668-BE54-9A1E7A4F7556}") = "LogCorner.EduSync.Speech.Consumer.UnitTests", "LogCorner.EduSync.Speech.Consumer.UnitTests\LogCorner.EduSync.Speech.Consumer.UnitTests.csproj", "{3C5F8AFE-8C47-4D90-B54C-8FE470CDC579}"
EndProject
Project("{2150E333-8FDC-42A3-9474-1A3956D46DE8}") = "60. ElasticSearch", "60. ElasticSearch", "{9FFB63B6-9182-4FB6-A2F7-EB6ACFA3EB74}"
EndProject
Project("{9A19103F-16F7-4668-BE54-9A1E7A4F7556}") = "LogCorner.EduSync.Speech.ElasticSearch", "LogCorner.EduSync.Speech.ElasticSearch\LogCorner.EduSync.Speech.ElasticSearch.csproj", "{90110C08-299C-4943-986B-B3BA934C5030}"
EndProject
Project("{9A19103F-16F7-4668-BE54-9A1E7A4F7556}") = "LogCorner.EduSync.Speech.ElasticSearch.UnitTests", "LogCorner.EduSync.Speech.ElasticSearch.UnitTests\LogCorner.EduSync.Speech.ElasticSearch.UnitTests.csproj", "{F8EB3E9D-03D2-4E03-B74B-13C6A4AEE41E}"
EndProject
Project("{2150E333-8FDC-42A3-9474-1A3956D46DE8}") = "50. Projection", "50. Projection", "{5D7328EF-1477-4B60-8021-16A101A08830}"
EndProject
Project("{9A19103F-16F7-4668-BE54-9A1E7A4F7556}") = "LogCorner.EduSync.Speech.Projection", "LogCorner.EduSync.Speech.Projection\LogCorner.EduSync.Speech.Projection.csproj", "{B04CC107-D8C9-49DF-B77E-6931A6E359C6}"
EndProject
Project("{9A19103F-16F7-4668-BE54-9A1E7A4F7556}") = "LogCorner.EduSync.Speech.Projection.UnitTests", "LogCorner.EduSync.Speech.Projection.UnitTests\LogCorner.EduSync.Speech.Projection.UnitTests.csproj", "{63F8F166-AF4F-4E27-B091-AC81905CCDF9}"
EndProject
Project("{E53339B2-1760-4266-BCC7-CA923CBCF16C}") = "docker-compose", "docker-compose.dcproj", "{475D83F1-7F98-4A1C-9A26-5119B09CA055}"
EndProject
Project("{2150E333-8FDC-42A3-9474-1A3956D46DE8}") = "30. Synchro", "30. Synchro", "{91277F25-2C2E-4C8E-81CA-D92854602F90}"
EndProject
Project("{9A19103F-16F7-4668-BE54-9A1E7A4F7556}") = "LogCorner.EduSync.Speech.Synchro", "LogCorner.EduSync.Speech.Synchro\LogCorner.EduSync.Speech.Synchro.csproj", "{14124191-DC27-483D-93CF-09E2331CAA57}"
EndProject
Project("{2150E333-8FDC-42A3-9474-1A3956D46DE8}") = "70. Telemetry", "70. Telemetry", "{99537D75-7B87-443C-B496-E534E510C8FE}"
EndProject
Project("{9A19103F-16F7-4668-BE54-9A1E7A4F7556}") = "LogCorner.EduSync.Speech.Telemetry", "LogCorner.EduSync.Speech.Telemetry\LogCorner.EduSync.Speech.Telemetry.csproj", "{BF52025D-953F-402A-B699-F7CCEEE20F52}"
EndProject
Project("{FAE04EC0-301F-11D3-BF4B-00C04F79EFBC}") = "LogCorner.EduSync.Speech.Telemetry.UnitTests", "..\LogCorner.EduSync.Speech.Telemetry.UnitTests\LogCorner.EduSync.Speech.Telemetry.UnitTests.csproj", "{B5EFCA40-3A8B-4483-8038-BD9F1F44966C}"
EndProject
Global
	GlobalSection(SolutionConfigurationPlatforms) = preSolution
		Debug|Any CPU = Debug|Any CPU
		Release|Any CPU = Release|Any CPU
	EndGlobalSection
	GlobalSection(ProjectConfigurationPlatforms) = postSolution
		{0DBEC403-BDB5-4105-86DD-AC326A6C5FD7}.Debug|Any CPU.ActiveCfg = Debug|Any CPU
		{0DBEC403-BDB5-4105-86DD-AC326A6C5FD7}.Debug|Any CPU.Build.0 = Debug|Any CPU
		{0DBEC403-BDB5-4105-86DD-AC326A6C5FD7}.Release|Any CPU.ActiveCfg = Release|Any CPU
		{0DBEC403-BDB5-4105-86DD-AC326A6C5FD7}.Release|Any CPU.Build.0 = Release|Any CPU
		{A47F0CCC-8D9C-4761-9E4E-93DB57F1A2E9}.Debug|Any CPU.ActiveCfg = Debug|Any CPU
		{A47F0CCC-8D9C-4761-9E4E-93DB57F1A2E9}.Debug|Any CPU.Build.0 = Debug|Any CPU
		{A47F0CCC-8D9C-4761-9E4E-93DB57F1A2E9}.Release|Any CPU.ActiveCfg = Release|Any CPU
		{A47F0CCC-8D9C-4761-9E4E-93DB57F1A2E9}.Release|Any CPU.Build.0 = Release|Any CPU
		{2AE19CA1-D677-4DE7-AF40-9C76B30DB55F}.Debug|Any CPU.ActiveCfg = Debug|Any CPU
		{2AE19CA1-D677-4DE7-AF40-9C76B30DB55F}.Debug|Any CPU.Build.0 = Debug|Any CPU
		{2AE19CA1-D677-4DE7-AF40-9C76B30DB55F}.Release|Any CPU.ActiveCfg = Release|Any CPU
		{2AE19CA1-D677-4DE7-AF40-9C76B30DB55F}.Release|Any CPU.Build.0 = Release|Any CPU
		{C7A88FB0-5941-45DB-90D3-4D1C880BADB8}.Debug|Any CPU.ActiveCfg = Debug|Any CPU
		{C7A88FB0-5941-45DB-90D3-4D1C880BADB8}.Debug|Any CPU.Build.0 = Debug|Any CPU
		{C7A88FB0-5941-45DB-90D3-4D1C880BADB8}.Release|Any CPU.ActiveCfg = Release|Any CPU
		{C7A88FB0-5941-45DB-90D3-4D1C880BADB8}.Release|Any CPU.Build.0 = Release|Any CPU
		{72558F9B-A894-4934-8106-4FE34C29B40B}.Debug|Any CPU.ActiveCfg = Debug|Any CPU
		{72558F9B-A894-4934-8106-4FE34C29B40B}.Debug|Any CPU.Build.0 = Debug|Any CPU
		{72558F9B-A894-4934-8106-4FE34C29B40B}.Release|Any CPU.ActiveCfg = Release|Any CPU
		{72558F9B-A894-4934-8106-4FE34C29B40B}.Release|Any CPU.Build.0 = Release|Any CPU
		{3C5F8AFE-8C47-4D90-B54C-8FE470CDC579}.Debug|Any CPU.ActiveCfg = Debug|Any CPU
		{3C5F8AFE-8C47-4D90-B54C-8FE470CDC579}.Debug|Any CPU.Build.0 = Debug|Any CPU
		{3C5F8AFE-8C47-4D90-B54C-8FE470CDC579}.Release|Any CPU.ActiveCfg = Release|Any CPU
		{3C5F8AFE-8C47-4D90-B54C-8FE470CDC579}.Release|Any CPU.Build.0 = Release|Any CPU
		{90110C08-299C-4943-986B-B3BA934C5030}.Debug|Any CPU.ActiveCfg = Debug|Any CPU
		{90110C08-299C-4943-986B-B3BA934C5030}.Debug|Any CPU.Build.0 = Debug|Any CPU
		{90110C08-299C-4943-986B-B3BA934C5030}.Release|Any CPU.ActiveCfg = Release|Any CPU
		{90110C08-299C-4943-986B-B3BA934C5030}.Release|Any CPU.Build.0 = Release|Any CPU
		{F8EB3E9D-03D2-4E03-B74B-13C6A4AEE41E}.Debug|Any CPU.ActiveCfg = Debug|Any CPU
		{F8EB3E9D-03D2-4E03-B74B-13C6A4AEE41E}.Debug|Any CPU.Build.0 = Debug|Any CPU
		{F8EB3E9D-03D2-4E03-B74B-13C6A4AEE41E}.Release|Any CPU.ActiveCfg = Release|Any CPU
		{F8EB3E9D-03D2-4E03-B74B-13C6A4AEE41E}.Release|Any CPU.Build.0 = Release|Any CPU
		{B04CC107-D8C9-49DF-B77E-6931A6E359C6}.Debug|Any CPU.ActiveCfg = Debug|Any CPU
		{B04CC107-D8C9-49DF-B77E-6931A6E359C6}.Debug|Any CPU.Build.0 = Debug|Any CPU
		{B04CC107-D8C9-49DF-B77E-6931A6E359C6}.Release|Any CPU.ActiveCfg = Release|Any CPU
		{B04CC107-D8C9-49DF-B77E-6931A6E359C6}.Release|Any CPU.Build.0 = Release|Any CPU
		{63F8F166-AF4F-4E27-B091-AC81905CCDF9}.Debug|Any CPU.ActiveCfg = Debug|Any CPU
		{63F8F166-AF4F-4E27-B091-AC81905CCDF9}.Debug|Any CPU.Build.0 = Debug|Any CPU
		{63F8F166-AF4F-4E27-B091-AC81905CCDF9}.Release|Any CPU.ActiveCfg = Release|Any CPU
		{63F8F166-AF4F-4E27-B091-AC81905CCDF9}.Release|Any CPU.Build.0 = Release|Any CPU
		{475D83F1-7F98-4A1C-9A26-5119B09CA055}.Debug|Any CPU.ActiveCfg = Debug|Any CPU
		{475D83F1-7F98-4A1C-9A26-5119B09CA055}.Debug|Any CPU.Build.0 = Debug|Any CPU
		{475D83F1-7F98-4A1C-9A26-5119B09CA055}.Release|Any CPU.ActiveCfg = Release|Any CPU
		{475D83F1-7F98-4A1C-9A26-5119B09CA055}.Release|Any CPU.Build.0 = Release|Any CPU
		{14124191-DC27-483D-93CF-09E2331CAA57}.Debug|Any CPU.ActiveCfg = Debug|Any CPU
		{14124191-DC27-483D-93CF-09E2331CAA57}.Debug|Any CPU.Build.0 = Debug|Any CPU
		{14124191-DC27-483D-93CF-09E2331CAA57}.Release|Any CPU.ActiveCfg = Release|Any CPU
		{14124191-DC27-483D-93CF-09E2331CAA57}.Release|Any CPU.Build.0 = Release|Any CPU
		{BF52025D-953F-402A-B699-F7CCEEE20F52}.Debug|Any CPU.ActiveCfg = Debug|Any CPU
		{BF52025D-953F-402A-B699-F7CCEEE20F52}.Debug|Any CPU.Build.0 = Debug|Any CPU
		{BF52025D-953F-402A-B699-F7CCEEE20F52}.Release|Any CPU.ActiveCfg = Release|Any CPU
		{BF52025D-953F-402A-B699-F7CCEEE20F52}.Release|Any CPU.Build.0 = Release|Any CPU
		{B5EFCA40-3A8B-4483-8038-BD9F1F44966C}.Debug|Any CPU.ActiveCfg = Debug|Any CPU
		{B5EFCA40-3A8B-4483-8038-BD9F1F44966C}.Debug|Any CPU.Build.0 = Debug|Any CPU
		{B5EFCA40-3A8B-4483-8038-BD9F1F44966C}.Release|Any CPU.ActiveCfg = Release|Any CPU
		{B5EFCA40-3A8B-4483-8038-BD9F1F44966C}.Release|Any CPU.Build.0 = Release|Any CPU
	EndGlobalSection
	GlobalSection(SolutionProperties) = preSolution
		HideSolutionNode = FALSE
	EndGlobalSection
	GlobalSection(NestedProjects) = preSolution
		{0DBEC403-BDB5-4105-86DD-AC326A6C5FD7} = {C0488C8D-09CD-42EA-B18C-BD2BC56902A3}
		{A47F0CCC-8D9C-4761-9E4E-93DB57F1A2E9} = {C0488C8D-09CD-42EA-B18C-BD2BC56902A3}
		{2AE19CA1-D677-4DE7-AF40-9C76B30DB55F} = {D8D287EC-D8EE-4755-8E7B-A77A0247071E}
		{C7A88FB0-5941-45DB-90D3-4D1C880BADB8} = {D8D287EC-D8EE-4755-8E7B-A77A0247071E}
		{72558F9B-A894-4934-8106-4FE34C29B40B} = {B0E07FCF-B662-47EE-8698-903547644B93}
		{3C5F8AFE-8C47-4D90-B54C-8FE470CDC579} = {B0E07FCF-B662-47EE-8698-903547644B93}
		{90110C08-299C-4943-986B-B3BA934C5030} = {9FFB63B6-9182-4FB6-A2F7-EB6ACFA3EB74}
		{F8EB3E9D-03D2-4E03-B74B-13C6A4AEE41E} = {9FFB63B6-9182-4FB6-A2F7-EB6ACFA3EB74}
		{B04CC107-D8C9-49DF-B77E-6931A6E359C6} = {5D7328EF-1477-4B60-8021-16A101A08830}
		{63F8F166-AF4F-4E27-B091-AC81905CCDF9} = {5D7328EF-1477-4B60-8021-16A101A08830}
		{14124191-DC27-483D-93CF-09E2331CAA57} = {91277F25-2C2E-4C8E-81CA-D92854602F90}
		{BF52025D-953F-402A-B699-F7CCEEE20F52} = {99537D75-7B87-443C-B496-E534E510C8FE}
		{B5EFCA40-3A8B-4483-8038-BD9F1F44966C} = {99537D75-7B87-443C-B496-E534E510C8FE}
	EndGlobalSection
	GlobalSection(ExtensibilityGlobals) = postSolution
		SolutionGuid = {59A4BDF8-34DC-4534-96D7-16CAFC82E5C0}
	EndGlobalSection
EndGlobal
